// !$*UTF8*$!
{
	archiveVersion = 1;
	classes = {
	};
	objectVersion = 56;
	objects = {

/* Begin PBXBuildFile section */
		1D2B8DE426593B0700327C4E /* PrefsView.swift in Sources */ = {isa = PBXBuildFile; fileRef = 1D2B8DE326593B0600327C4E /* PrefsView.swift */; };
		1D5589682656278A0023EA27 /* ListItemView.swift in Sources */ = {isa = PBXBuildFile; fileRef = 1D5589672656278A0023EA27 /* ListItemView.swift */; };
		1D55896D265651880023EA27 /* Config.swift in Sources */ = {isa = PBXBuildFile; fileRef = 1D55896C265651870023EA27 /* Config.swift */; };
		1D662D5026557C5400B8345F /* RESETApp.swift in Sources */ = {isa = PBXBuildFile; fileRef = 1D662D4F26557C5400B8345F /* RESETApp.swift */; };
		1D662D5226557C5400B8345F /* ContentView.swift in Sources */ = {isa = PBXBuildFile; fileRef = 1D662D5126557C5400B8345F /* ContentView.swift */; };
		1D662D5426557C5500B8345F /* Assets.xcassets in Resources */ = {isa = PBXBuildFile; fileRef = 1D662D5326557C5500B8345F /* Assets.xcassets */; };
		1D662D5726557C5500B8345F /* Preview Assets.xcassets in Resources */ = {isa = PBXBuildFile; fileRef = 1D662D5626557C5500B8345F /* Preview Assets.xcassets */; };
		1D662D5926557C5500B8345F /* Persistence.swift in Sources */ = {isa = PBXBuildFile; fileRef = 1D662D5826557C5500B8345F /* Persistence.swift */; };
		1D662D5C26557C5500B8345F /* RESET.xcdatamodeld in Sources */ = {isa = PBXBuildFile; fileRef = 1D662D5A26557C5500B8345F /* RESET.xcdatamodeld */; };
		1D6809F3266C7BA80074DD5A /* Launch Screen.storyboard in Resources */ = {isa = PBXBuildFile; fileRef = 1D6809F2266C7BA80074DD5A /* Launch Screen.storyboard */; };
		1D77E39726738FFA00AB0304 /* HelpView.swift in Sources */ = {isa = PBXBuildFile; fileRef = 1D77E39626738FFA00AB0304 /* HelpView.swift */; };
		1DAF284826764FE600ABF7BA /* WelcomeView.swift in Sources */ = {isa = PBXBuildFile; fileRef = 1DAF284726764FE600ABF7BA /* WelcomeView.swift */; };
		1DB9429426774D6D00954A02 /* MailView.swift in Sources */ = {isa = PBXBuildFile; fileRef = 1DB9429326774D6D00954A02 /* MailView.swift */; };
		1DB942982677548A00954A02 /* NCHelper.swift in Sources */ = {isa = PBXBuildFile; fileRef = 1DB942972677548A00954A02 /* NCHelper.swift */; };
/* End PBXBuildFile section */

/* Begin PBXFileReference section */
		1D2B8DE326593B0600327C4E /* PrefsView.swift */ = {isa = PBXFileReference; lastKnownFileType = sourcecode.swift; path = PrefsView.swift; sourceTree = "<group>"; };
		1D5589672656278A0023EA27 /* ListItemView.swift */ = {isa = PBXFileReference; lastKnownFileType = sourcecode.swift; path = ListItemView.swift; sourceTree = "<group>"; };
		1D55896C265651870023EA27 /* Config.swift */ = {isa = PBXFileReference; lastKnownFileType = sourcecode.swift; path = Config.swift; sourceTree = "<group>"; };
		1D662D4C26557C5400B8345F /* RESET.app */ = {isa = PBXFileReference; explicitFileType = wrapper.application; includeInIndex = 0; path = RESET.app; sourceTree = BUILT_PRODUCTS_DIR; };
		1D662D4F26557C5400B8345F /* RESETApp.swift */ = {isa = PBXFileReference; lastKnownFileType = sourcecode.swift; path = RESETApp.swift; sourceTree = "<group>"; };
		1D662D5126557C5400B8345F /* ContentView.swift */ = {isa = PBXFileReference; lastKnownFileType = sourcecode.swift; path = ContentView.swift; sourceTree = "<group>"; };
		1D662D5326557C5500B8345F /* Assets.xcassets */ = {isa = PBXFileReference; lastKnownFileType = folder.assetcatalog; path = Assets.xcassets; sourceTree = "<group>"; };
		1D662D5626557C5500B8345F /* Preview Assets.xcassets */ = {isa = PBXFileReference; lastKnownFileType = folder.assetcatalog; path = "Preview Assets.xcassets"; sourceTree = "<group>"; };
		1D662D5826557C5500B8345F /* Persistence.swift */ = {isa = PBXFileReference; lastKnownFileType = sourcecode.swift; path = Persistence.swift; sourceTree = "<group>"; };
		1D662D5B26557C5500B8345F /* RESET.xcdatamodel */ = {isa = PBXFileReference; lastKnownFileType = wrapper.xcdatamodel; path = RESET.xcdatamodel; sourceTree = "<group>"; };
		1D662D5D26557C5500B8345F /* Info.plist */ = {isa = PBXFileReference; lastKnownFileType = text.plist.xml; path = Info.plist; sourceTree = "<group>"; };
		1D6809F2266C7BA80074DD5A /* Launch Screen.storyboard */ = {isa = PBXFileReference; lastKnownFileType = file.storyboard; path = "Launch Screen.storyboard"; sourceTree = "<group>"; };
		1D77E39626738FFA00AB0304 /* HelpView.swift */ = {isa = PBXFileReference; lastKnownFileType = sourcecode.swift; path = HelpView.swift; sourceTree = "<group>"; };
		1DAF284726764FE600ABF7BA /* WelcomeView.swift */ = {isa = PBXFileReference; lastKnownFileType = sourcecode.swift; path = WelcomeView.swift; sourceTree = "<group>"; };
		1DB9429326774D6D00954A02 /* MailView.swift */ = {isa = PBXFileReference; lastKnownFileType = sourcecode.swift; path = MailView.swift; sourceTree = "<group>"; };
		1DB942972677548A00954A02 /* NCHelper.swift */ = {isa = PBXFileReference; lastKnownFileType = sourcecode.swift; path = NCHelper.swift; sourceTree = "<group>"; };
/* End PBXFileReference section */

/* Begin PBXFrameworksBuildPhase section */
		1D662D4926557C5400B8345F /* Frameworks */ = {
			isa = PBXFrameworksBuildPhase;
			buildActionMask = 2147483647;
			files = (
			);
			runOnlyForDeploymentPostprocessing = 0;
		};
/* End PBXFrameworksBuildPhase section */

/* Begin PBXGroup section */
		1D662D4326557C5400B8345F = {
			isa = PBXGroup;
			children = (
				1D662D4E26557C5400B8345F /* RESET */,
				1D662D4D26557C5400B8345F /* Products */,
			);
			sourceTree = "<group>";
			wrapsLines = 0;
		};
		1D662D4D26557C5400B8345F /* Products */ = {
			isa = PBXGroup;
			children = (
				1D662D4C26557C5400B8345F /* RESET.app */,
			);
			name = Products;
			sourceTree = "<group>";
		};
		1D662D4E26557C5400B8345F /* RESET */ = {
			isa = PBXGroup;
			children = (
				1DF8F7122679FBD00049205D /* Models */,
				1DF8F7132679FBF20049205D /* Views */,
				1D662D5326557C5500B8345F /* Assets.xcassets */,
				1D662D5D26557C5500B8345F /* Info.plist */,
				1D662D5A26557C5500B8345F /* RESET.xcdatamodeld */,
				1D662D5526557C5500B8345F /* Preview Content */,
				1D6809F2266C7BA80074DD5A /* Launch Screen.storyboard */,
			);
			path = RESET;
			sourceTree = "<group>";
		};
		1D662D5526557C5500B8345F /* Preview Content */ = {
			isa = PBXGroup;
			children = (
				1D662D5626557C5500B8345F /* Preview Assets.xcassets */,
			);
			path = "Preview Content";
			sourceTree = "<group>";
		};
		1DF8F7122679FBD00049205D /* Models */ = {
			isa = PBXGroup;
			children = (
				1D662D4F26557C5400B8345F /* RESETApp.swift */,
				1D662D5826557C5500B8345F /* Persistence.swift */,
				1DB942972677548A00954A02 /* NCHelper.swift */,
				1D55896C265651870023EA27 /* Config.swift */,
			);
			path = Models;
			sourceTree = "<group>";
		};
		1DF8F7132679FBF20049205D /* Views */ = {
			isa = PBXGroup;
			children = (
				1D662D5126557C5400B8345F /* ContentView.swift */,
				1D5589672656278A0023EA27 /* ListItemView.swift */,
				1D2B8DE326593B0600327C4E /* PrefsView.swift */,
				1D77E39626738FFA00AB0304 /* HelpView.swift */,
				1DAF284726764FE600ABF7BA /* WelcomeView.swift */,
				1DB9429326774D6D00954A02 /* MailView.swift */,
			);
			path = Views;
			sourceTree = "<group>";
		};
/* End PBXGroup section */

/* Begin PBXNativeTarget section */
		1D662D4B26557C5400B8345F /* RESET */ = {
			isa = PBXNativeTarget;
			buildConfigurationList = 1D662D6026557C5500B8345F /* Build configuration list for PBXNativeTarget "RESET" */;
			buildPhases = (
				1D662D4826557C5400B8345F /* Sources */,
				1D662D4926557C5400B8345F /* Frameworks */,
				1D662D4A26557C5400B8345F /* Resources */,
			);
			buildRules = (
			);
			dependencies = (
			);
			name = RESET;
			productName = RESET;
			productReference = 1D662D4C26557C5400B8345F /* RESET.app */;
			productType = "com.apple.product-type.application";
		};
/* End PBXNativeTarget section */

/* Begin PBXProject section */
		1D662D4426557C5400B8345F /* Project object */ = {
			isa = PBXProject;
			attributes = {
				LastSwiftUpdateCheck = 1240;
				LastUpgradeCheck = 1240;
				TargetAttributes = {
					1D662D4B26557C5400B8345F = {
						CreatedOnToolsVersion = 12.4;
					};
				};
			};
			buildConfigurationList = 1D662D4726557C5400B8345F /* Build configuration list for PBXProject "RESET" */;
			compatibilityVersion = "Xcode 14.0";
			developmentRegion = en;
			hasScannedForEncodings = 0;
			knownRegions = (
				en,
				Base,
			);
			mainGroup = 1D662D4326557C5400B8345F;
			productRefGroup = 1D662D4D26557C5400B8345F /* Products */;
			projectDirPath = "";
			projectRoot = "";
			targets = (
				1D662D4B26557C5400B8345F /* RESET */,
			);
		};
/* End PBXProject section */

/* Begin PBXResourcesBuildPhase section */
		1D662D4A26557C5400B8345F /* Resources */ = {
			isa = PBXResourcesBuildPhase;
			buildActionMask = 2147483647;
			files = (
				1D6809F3266C7BA80074DD5A /* Launch Screen.storyboard in Resources */,
				1D662D5726557C5500B8345F /* Preview Assets.xcassets in Resources */,
				1D662D5426557C5500B8345F /* Assets.xcassets in Resources */,
			);
			runOnlyForDeploymentPostprocessing = 0;
		};
/* End PBXResourcesBuildPhase section */

/* Begin PBXSourcesBuildPhase section */
		1D662D4826557C5400B8345F /* Sources */ = {
			isa = PBXSourcesBuildPhase;
			buildActionMask = 2147483647;
			files = (
				1D5589682656278A0023EA27 /* ListItemView.swift in Sources */,
				1D662D5926557C5500B8345F /* Persistence.swift in Sources */,
				1D662D5C26557C5500B8345F /* RESET.xcdatamodeld in Sources */,
				1D2B8DE426593B0700327C4E /* PrefsView.swift in Sources */,
				1DAF284826764FE600ABF7BA /* WelcomeView.swift in Sources */,
				1D662D5226557C5400B8345F /* ContentView.swift in Sources */,
				1D77E39726738FFA00AB0304 /* HelpView.swift in Sources */,
				1D662D5026557C5400B8345F /* RESETApp.swift in Sources */,
				1DB942982677548A00954A02 /* NCHelper.swift in Sources */,
				1D55896D265651880023EA27 /* Config.swift in Sources */,
				1DB9429426774D6D00954A02 /* MailView.swift in Sources */,
			);
			runOnlyForDeploymentPostprocessing = 0;
		};
/* End PBXSourcesBuildPhase section */

/* Begin XCBuildConfiguration section */
		1D662D5E26557C5500B8345F /* Debug */ = {
			isa = XCBuildConfiguration;
			buildSettings = {
				ALWAYS_SEARCH_USER_PATHS = NO;
				CLANG_ANALYZER_NONNULL = YES;
				CLANG_ANALYZER_NUMBER_OBJECT_CONVERSION = YES_AGGRESSIVE;
				CLANG_CXX_LANGUAGE_STANDARD = "gnu++14";
				CLANG_CXX_LIBRARY = "libc++";
				CLANG_ENABLE_MODULES = YES;
				CLANG_ENABLE_OBJC_ARC = YES;
				CLANG_ENABLE_OBJC_WEAK = YES;
				CLANG_WARN_BLOCK_CAPTURE_AUTORELEASING = YES;
				CLANG_WARN_BOOL_CONVERSION = YES;
				CLANG_WARN_COMMA = YES;
				CLANG_WARN_CONSTANT_CONVERSION = YES;
				CLANG_WARN_DEPRECATED_OBJC_IMPLEMENTATIONS = YES;
				CLANG_WARN_DIRECT_OBJC_ISA_USAGE = YES_ERROR;
				CLANG_WARN_DOCUMENTATION_COMMENTS = YES;
				CLANG_WARN_EMPTY_BODY = YES;
				CLANG_WARN_ENUM_CONVERSION = YES;
				CLANG_WARN_INFINITE_RECURSION = YES;
				CLANG_WARN_INT_CONVERSION = YES;
				CLANG_WARN_NON_LITERAL_NULL_CONVERSION = YES;
				CLANG_WARN_OBJC_IMPLICIT_RETAIN_SELF = YES;
				CLANG_WARN_OBJC_LITERAL_CONVERSION = YES;
				CLANG_WARN_OBJC_ROOT_CLASS = YES_ERROR;
				CLANG_WARN_QUOTED_INCLUDE_IN_FRAMEWORK_HEADER = YES;
				CLANG_WARN_RANGE_LOOP_ANALYSIS = YES;
				CLANG_WARN_STRICT_PROTOTYPES = YES;
				CLANG_WARN_SUSPICIOUS_MOVE = YES;
				CLANG_WARN_UNGUARDED_AVAILABILITY = YES_AGGRESSIVE;
				CLANG_WARN_UNREACHABLE_CODE = YES;
				CLANG_WARN__DUPLICATE_METHOD_MATCH = YES;
				COPY_PHASE_STRIP = NO;
				DEBUG_INFORMATION_FORMAT = dwarf;
				ENABLE_STRICT_OBJC_MSGSEND = YES;
				ENABLE_TESTABILITY = YES;
				GCC_C_LANGUAGE_STANDARD = gnu11;
				GCC_DYNAMIC_NO_PIC = NO;
				GCC_NO_COMMON_BLOCKS = YES;
				GCC_OPTIMIZATION_LEVEL = 0;
				GCC_PREPROCESSOR_DEFINITIONS = (
					"DEBUG=1",
					"$(inherited)",
				);
				GCC_WARN_64_TO_32_BIT_CONVERSION = YES;
				GCC_WARN_ABOUT_RETURN_TYPE = YES_ERROR;
				GCC_WARN_UNDECLARED_SELECTOR = YES;
				GCC_WARN_UNINITIALIZED_AUTOS = YES_AGGRESSIVE;
				GCC_WARN_UNUSED_FUNCTION = YES;
				GCC_WARN_UNUSED_VARIABLE = YES;
				IPHONEOS_DEPLOYMENT_TARGET = 14.4;
				MTL_ENABLE_DEBUG_INFO = INCLUDE_SOURCE;
				MTL_FAST_MATH = YES;
				ONLY_ACTIVE_ARCH = YES;
				SDKROOT = iphoneos;
				SWIFT_ACTIVE_COMPILATION_CONDITIONS = DEBUG;
				SWIFT_OPTIMIZATION_LEVEL = "-Onone";
			};
			name = Debug;
		};
		1D662D5F26557C5500B8345F /* Release */ = {
			isa = XCBuildConfiguration;
			buildSettings = {
				ALWAYS_SEARCH_USER_PATHS = NO;
				CLANG_ANALYZER_NONNULL = YES;
				CLANG_ANALYZER_NUMBER_OBJECT_CONVERSION = YES_AGGRESSIVE;
				CLANG_CXX_LANGUAGE_STANDARD = "gnu++14";
				CLANG_CXX_LIBRARY = "libc++";
				CLANG_ENABLE_MODULES = YES;
				CLANG_ENABLE_OBJC_ARC = YES;
				CLANG_ENABLE_OBJC_WEAK = YES;
				CLANG_WARN_BLOCK_CAPTURE_AUTORELEASING = YES;
				CLANG_WARN_BOOL_CONVERSION = YES;
				CLANG_WARN_COMMA = YES;
				CLANG_WARN_CONSTANT_CONVERSION = YES;
				CLANG_WARN_DEPRECATED_OBJC_IMPLEMENTATIONS = YES;
				CLANG_WARN_DIRECT_OBJC_ISA_USAGE = YES_ERROR;
				CLANG_WARN_DOCUMENTATION_COMMENTS = YES;
				CLANG_WARN_EMPTY_BODY = YES;
				CLANG_WARN_ENUM_CONVERSION = YES;
				CLANG_WARN_INFINITE_RECURSION = YES;
				CLANG_WARN_INT_CONVERSION = YES;
				CLANG_WARN_NON_LITERAL_NULL_CONVERSION = YES;
				CLANG_WARN_OBJC_IMPLICIT_RETAIN_SELF = YES;
				CLANG_WARN_OBJC_LITERAL_CONVERSION = YES;
				CLANG_WARN_OBJC_ROOT_CLASS = YES_ERROR;
				CLANG_WARN_QUOTED_INCLUDE_IN_FRAMEWORK_HEADER = YES;
				CLANG_WARN_RANGE_LOOP_ANALYSIS = YES;
				CLANG_WARN_STRICT_PROTOTYPES = YES;
				CLANG_WARN_SUSPICIOUS_MOVE = YES;
				CLANG_WARN_UNGUARDED_AVAILABILITY = YES_AGGRESSIVE;
				CLANG_WARN_UNREACHABLE_CODE = YES;
				CLANG_WARN__DUPLICATE_METHOD_MATCH = YES;
				COPY_PHASE_STRIP = NO;
				DEBUG_INFORMATION_FORMAT = "dwarf-with-dsym";
				ENABLE_NS_ASSERTIONS = NO;
				ENABLE_STRICT_OBJC_MSGSEND = YES;
				GCC_C_LANGUAGE_STANDARD = gnu11;
				GCC_NO_COMMON_BLOCKS = YES;
				GCC_WARN_64_TO_32_BIT_CONVERSION = YES;
				GCC_WARN_ABOUT_RETURN_TYPE = YES_ERROR;
				GCC_WARN_UNDECLARED_SELECTOR = YES;
				GCC_WARN_UNINITIALIZED_AUTOS = YES_AGGRESSIVE;
				GCC_WARN_UNUSED_FUNCTION = YES;
				GCC_WARN_UNUSED_VARIABLE = YES;
				IPHONEOS_DEPLOYMENT_TARGET = 14.4;
				MTL_ENABLE_DEBUG_INFO = NO;
				MTL_FAST_MATH = YES;
				SDKROOT = iphoneos;
				SWIFT_COMPILATION_MODE = wholemodule;
				SWIFT_OPTIMIZATION_LEVEL = "-O";
				VALIDATE_PRODUCT = YES;
			};
			name = Release;
		};
		1D662D6126557C5500B8345F /* Debug */ = {
			isa = XCBuildConfiguration;
			buildSettings = {
				ASSETCATALOG_COMPILER_APPICON_NAME = AppIcon;
				ASSETCATALOG_COMPILER_GLOBAL_ACCENT_COLOR_NAME = AccentColor;
				CODE_SIGN_STYLE = Automatic;
				CURRENT_PROJECT_VERSION = 39;
				DEVELOPMENT_ASSET_PATHS = "\"RESET/Preview Content\"";
				DEVELOPMENT_TEAM = JS2ME2LTBF;
				ENABLE_PREVIEWS = YES;
				INFOPLIST_FILE = RESET/Info.plist;
				INFOPLIST_KEY_LSApplicationCategoryType = "public.app-category.productivity";
				IPHONEOS_DEPLOYMENT_TARGET = 15.0;
				LD_RUNPATH_SEARCH_PATHS = (
					"$(inherited)",
					"@executable_path/Frameworks",
				);
				MARKETING_VERSION = 1.2.6;
				PRODUCT_BUNDLE_IDENTIFIER = com.wyw.reset;
				PRODUCT_NAME = "$(TARGET_NAME)";
				SWIFT_VERSION = 5.0;
				TARGETED_DEVICE_FAMILY = "1,2";
			};
			name = Debug;
		};
		1D662D6226557C5500B8345F /* Release */ = {
			isa = XCBuildConfiguration;
			buildSettings = {
				ASSETCATALOG_COMPILER_APPICON_NAME = AppIcon;
				ASSETCATALOG_COMPILER_GLOBAL_ACCENT_COLOR_NAME = AccentColor;
				CODE_SIGN_STYLE = Automatic;
				CURRENT_PROJECT_VERSION = 39;
				DEVELOPMENT_ASSET_PATHS = "\"RESET/Preview Content\"";
				DEVELOPMENT_TEAM = JS2ME2LTBF;
				ENABLE_PREVIEWS = YES;
				INFOPLIST_FILE = RESET/Info.plist;
				INFOPLIST_KEY_LSApplicationCategoryType = "public.app-category.productivity";
				IPHONEOS_DEPLOYMENT_TARGET = 15.0;
				LD_RUNPATH_SEARCH_PATHS = (
					"$(inherited)",
					"@executable_path/Frameworks",
				);
				MARKETING_VERSION = 1.2.6;
				PRODUCT_BUNDLE_IDENTIFIER = com.wyw.reset;
				PRODUCT_NAME = "$(TARGET_NAME)";
				SWIFT_VERSION = 5.0;
				TARGETED_DEVICE_FAMILY = "1,2";
			};
			name = Release;
		};
/* End XCBuildConfiguration section */

/* Begin XCConfigurationList section */
		1D662D4726557C5400B8345F /* Build configuration list for PBXProject "RESET" */ = {
			isa = XCConfigurationList;
			buildConfigurations = (
				1D662D5E26557C5500B8345F /* Debug */,
				1D662D5F26557C5500B8345F /* Release */,
			);
			defaultConfigurationIsVisible = 0;
			defaultConfigurationName = Release;
		};
		1D662D6026557C5500B8345F /* Build configuration list for PBXNativeTarget "RESET" */ = {
			isa = XCConfigurationList;
			buildConfigurations = (
				1D662D6126557C5500B8345F /* Debug */,
				1D662D6226557C5500B8345F /* Release */,
			);
			defaultConfigurationIsVisible = 0;
			defaultConfigurationName = Release;
		};
/* End XCConfigurationList section */

/* Begin XCVersionGroup section */
		1D662D5A26557C5500B8345F /* RESET.xcdatamodeld */ = {
			isa = XCVersionGroup;
			children = (
				1D662D5B26557C5500B8345F /* RESET.xcdatamodel */,
			);
			currentVersion = 1D662D5B26557C5500B8345F /* RESET.xcdatamodel */;
			path = RESET.xcdatamodeld;
			sourceTree = "<group>";
			versionGroupType = wrapper.xcdatamodel;
		};
/* End XCVersionGroup section */
	};
	rootObject = 1D662D4426557C5400B8345F /* Project object */;
}
